// !$*UTF8*$!
{
	archiveVersion = 1;
	classes = {
	};
	objectVersion = 50;
	objects = {

/* Begin PBXBuildFile section */
		343A743324A75DC100CA6CF2 /* DataItem.swift in Sources */ = {isa = PBXBuildFile; fileRef = 343A743224A75DC100CA6CF2 /* DataItem.swift */; };
		343A743B24A770D600CA6CF2 /* ViewModel.swift in Sources */ = {isa = PBXBuildFile; fileRef = 343A743A24A770D600CA6CF2 /* ViewModel.swift */; };
		343A743E24A7713200CA6CF2 /* CCNetworkDataManager.swift in Sources */ = {isa = PBXBuildFile; fileRef = 343A743D24A7713200CA6CF2 /* CCNetworkDataManager.swift */; };
		3442055F24A8CB7A00CC7E0E /* DataItemTableViewCell.swift in Sources */ = {isa = PBXBuildFile; fileRef = 3442055E24A8CB7A00CC7E0E /* DataItemTableViewCell.swift */; };
		3442056124A8CC4E00CC7E0E /* CellViewModel.swift in Sources */ = {isa = PBXBuildFile; fileRef = 3442056024A8CC4E00CC7E0E /* CellViewModel.swift */; };
		3442056324A8CF3800CC7E0E /* CCUIExtensions.swift in Sources */ = {isa = PBXBuildFile; fileRef = 3442056224A8CF3800CC7E0E /* CCUIExtensions.swift */; };
		3442056524A8D13100CC7E0E /* CCImageDownloader.swift in Sources */ = {isa = PBXBuildFile; fileRef = 3442056424A8D13100CC7E0E /* CCImageDownloader.swift */; };
		348DFFCB24A7487900D0231E /* AppDelegate.swift in Sources */ = {isa = PBXBuildFile; fileRef = 348DFFCA24A7487900D0231E /* AppDelegate.swift */; };
		348DFFD524A7487900D0231E /* CodeChallenge.xcdatamodeld in Sources */ = {isa = PBXBuildFile; fileRef = 348DFFD324A7487900D0231E /* CodeChallenge.xcdatamodeld */; };
		348DFFD724A7487E00D0231E /* Assets.xcassets in Resources */ = {isa = PBXBuildFile; fileRef = 348DFFD624A7487E00D0231E /* Assets.xcassets */; };
		348DFFDA24A7487E00D0231E /* LaunchScreen.storyboard in Resources */ = {isa = PBXBuildFile; fileRef = 348DFFD824A7487E00D0231E /* LaunchScreen.storyboard */; };
		348DFFE224A74A7500D0231E /* HomeScreenViewController.swift in Sources */ = {isa = PBXBuildFile; fileRef = 348DFFE124A74A7500D0231E /* HomeScreenViewController.swift */; };
/* End PBXBuildFile section */

/* Begin PBXFileReference section */
		343A743224A75DC100CA6CF2 /* DataItem.swift */ = {isa = PBXFileReference; lastKnownFileType = sourcecode.swift; path = DataItem.swift; sourceTree = "<group>"; };
		343A743A24A770D600CA6CF2 /* ViewModel.swift */ = {isa = PBXFileReference; lastKnownFileType = sourcecode.swift; path = ViewModel.swift; sourceTree = "<group>"; };
		343A743D24A7713200CA6CF2 /* CCNetworkDataManager.swift */ = {isa = PBXFileReference; fileEncoding = 4; lastKnownFileType = sourcecode.swift; path = CCNetworkDataManager.swift; sourceTree = "<group>"; };
		3442055E24A8CB7A00CC7E0E /* DataItemTableViewCell.swift */ = {isa = PBXFileReference; lastKnownFileType = sourcecode.swift; path = DataItemTableViewCell.swift; sourceTree = "<group>"; };
		3442056024A8CC4E00CC7E0E /* CellViewModel.swift */ = {isa = PBXFileReference; lastKnownFileType = sourcecode.swift; path = CellViewModel.swift; sourceTree = "<group>"; };
		3442056224A8CF3800CC7E0E /* CCUIExtensions.swift */ = {isa = PBXFileReference; fileEncoding = 4; lastKnownFileType = sourcecode.swift; path = CCUIExtensions.swift; sourceTree = "<group>"; };
		3442056424A8D13100CC7E0E /* CCImageDownloader.swift */ = {isa = PBXFileReference; fileEncoding = 4; lastKnownFileType = sourcecode.swift; path = CCImageDownloader.swift; sourceTree = "<group>"; };
		348DFFC724A7487900D0231E /* CodeChallenge.app */ = {isa = PBXFileReference; explicitFileType = wrapper.application; includeInIndex = 0; path = CodeChallenge.app; sourceTree = BUILT_PRODUCTS_DIR; };
		348DFFCA24A7487900D0231E /* AppDelegate.swift */ = {isa = PBXFileReference; lastKnownFileType = sourcecode.swift; path = AppDelegate.swift; sourceTree = "<group>"; };
		348DFFD424A7487900D0231E /* CodeChallenge.xcdatamodel */ = {isa = PBXFileReference; lastKnownFileType = wrapper.xcdatamodel; path = CodeChallenge.xcdatamodel; sourceTree = "<group>"; };
		348DFFD624A7487E00D0231E /* Assets.xcassets */ = {isa = PBXFileReference; lastKnownFileType = folder.assetcatalog; path = Assets.xcassets; sourceTree = "<group>"; };
		348DFFD924A7487E00D0231E /* Base */ = {isa = PBXFileReference; lastKnownFileType = file.storyboard; name = Base; path = Base.lproj/LaunchScreen.storyboard; sourceTree = "<group>"; };
		348DFFDB24A7487E00D0231E /* Info.plist */ = {isa = PBXFileReference; lastKnownFileType = text.plist.xml; path = Info.plist; sourceTree = "<group>"; };
		348DFFE124A74A7500D0231E /* HomeScreenViewController.swift */ = {isa = PBXFileReference; lastKnownFileType = sourcecode.swift; path = HomeScreenViewController.swift; sourceTree = "<group>"; };
/* End PBXFileReference section */

/* Begin PBXFrameworksBuildPhase section */
		348DFFC424A7487900D0231E /* Frameworks */ = {
			isa = PBXFrameworksBuildPhase;
			buildActionMask = 2147483647;
			files = (
			);
			runOnlyForDeploymentPostprocessing = 0;
		};
/* End PBXFrameworksBuildPhase section */

/* Begin PBXGroup section */
		343A743124A75D7900CA6CF2 /* Model */ = {
			isa = PBXGroup;
			children = (
				343A743224A75DC100CA6CF2 /* DataItem.swift */,
			);
			path = Model;
			sourceTree = "<group>";
		};
		343A743624A7620000CA6CF2 /* ModelView */ = {
			isa = PBXGroup;
			children = (
				343A743A24A770D600CA6CF2 /* ViewModel.swift */,
				3442056024A8CC4E00CC7E0E /* CellViewModel.swift */,
			);
			path = ModelView;
			sourceTree = "<group>";
		};
		343A743C24A7711700CA6CF2 /* Utilities */ = {
			isa = PBXGroup;
			children = (
				3442056424A8D13100CC7E0E /* CCImageDownloader.swift */,
				3442056224A8CF3800CC7E0E /* CCUIExtensions.swift */,
				343A743D24A7713200CA6CF2 /* CCNetworkDataManager.swift */,
			);
			path = Utilities;
			sourceTree = "<group>";
		};
		3442055A24A8CAA400CC7E0E /* Controller */ = {
			isa = PBXGroup;
			children = (
				348DFFE124A74A7500D0231E /* HomeScreenViewController.swift */,
			);
			path = Controller;
			sourceTree = "<group>";
		};
		3442055D24A8CB2300CC7E0E /* View */ = {
			isa = PBXGroup;
			children = (
				3442055E24A8CB7A00CC7E0E /* DataItemTableViewCell.swift */,
			);
			path = View;
			sourceTree = "<group>";
		};
		348DFFBE24A7487900D0231E = {
			isa = PBXGroup;
			children = (
				348DFFC924A7487900D0231E /* CodeChallenge */,
				348DFFC824A7487900D0231E /* Products */,
			);
			sourceTree = "<group>";
		};
		348DFFC824A7487900D0231E /* Products */ = {
			isa = PBXGroup;
			children = (
				348DFFC724A7487900D0231E /* CodeChallenge.app */,
			);
			name = Products;
			sourceTree = "<group>";
		};
		348DFFC924A7487900D0231E /* CodeChallenge */ = {
			isa = PBXGroup;
			children = (
				3442055A24A8CAA400CC7E0E /* Controller */,
				343A743C24A7711700CA6CF2 /* Utilities */,
				3442055D24A8CB2300CC7E0E /* View */,
				343A743124A75D7900CA6CF2 /* Model */,
				343A743624A7620000CA6CF2 /* ModelView */,
				348DFFCA24A7487900D0231E /* AppDelegate.swift */,
				348DFFD624A7487E00D0231E /* Assets.xcassets */,
				348DFFD824A7487E00D0231E /* LaunchScreen.storyboard */,
				348DFFDB24A7487E00D0231E /* Info.plist */,
				348DFFD324A7487900D0231E /* CodeChallenge.xcdatamodeld */,
			);
			path = CodeChallenge;
			sourceTree = "<group>";
		};
/* End PBXGroup section */

/* Begin PBXNativeTarget section */
		348DFFC624A7487900D0231E /* CodeChallenge */ = {
			isa = PBXNativeTarget;
			buildConfigurationList = 348DFFDE24A7487E00D0231E /* Build configuration list for PBXNativeTarget "CodeChallenge" */;
			buildPhases = (
				348DFFC324A7487900D0231E /* Sources */,
				348DFFC424A7487900D0231E /* Frameworks */,
				348DFFC524A7487900D0231E /* Resources */,
			);
			buildRules = (
			);
			dependencies = (
			);
			name = CodeChallenge;
			productName = CodeChallenge;
			productReference = 348DFFC724A7487900D0231E /* CodeChallenge.app */;
			productType = "com.apple.product-type.application";
		};
/* End PBXNativeTarget section */

/* Begin PBXProject section */
		348DFFBF24A7487900D0231E /* Project object */ = {
			isa = PBXProject;
			attributes = {
				LastSwiftUpdateCheck = 1150;
				LastUpgradeCheck = 1150;
				ORGANIZATIONNAME = own;
				TargetAttributes = {
					348DFFC624A7487900D0231E = {
						CreatedOnToolsVersion = 11.5;
					};
				};
			};
			buildConfigurationList = 348DFFC224A7487900D0231E /* Build configuration list for PBXProject "CodeChallenge" */;
			compatibilityVersion = "Xcode 9.3";
			developmentRegion = en;
			hasScannedForEncodings = 0;
			knownRegions = (
				en,
				Base,
			);
			mainGroup = 348DFFBE24A7487900D0231E;
			productRefGroup = 348DFFC824A7487900D0231E /* Products */;
			projectDirPath = "";
			projectRoot = "";
			targets = (
				348DFFC624A7487900D0231E /* CodeChallenge */,
			);
		};
/* End PBXProject section */

/* Begin PBXResourcesBuildPhase section */
		348DFFC524A7487900D0231E /* Resources */ = {
			isa = PBXResourcesBuildPhase;
			buildActionMask = 2147483647;
			files = (
				348DFFDA24A7487E00D0231E /* LaunchScreen.storyboard in Resources */,
				348DFFD724A7487E00D0231E /* Assets.xcassets in Resources */,
			);
			runOnlyForDeploymentPostprocessing = 0;
		};
/* End PBXResourcesBuildPhase section */

/* Begin PBXSourcesBuildPhase section */
		348DFFC324A7487900D0231E /* Sources */ = {
			isa = PBXSourcesBuildPhase;
			buildActionMask = 2147483647;
			files = (
				3442056524A8D13100CC7E0E /* CCImageDownloader.swift in Sources */,
				3442055F24A8CB7A00CC7E0E /* DataItemTableViewCell.swift in Sources */,
				343A743B24A770D600CA6CF2 /* ViewModel.swift in Sources */,
				3442056124A8CC4E00CC7E0E /* CellViewModel.swift in Sources */,
				343A743324A75DC100CA6CF2 /* DataItem.swift in Sources */,
				343A743E24A7713200CA6CF2 /* CCNetworkDataManager.swift in Sources */,
				348DFFD524A7487900D0231E /* CodeChallenge.xcdatamodeld in Sources */,
				348DFFCB24A7487900D0231E /* AppDelegate.swift in Sources */,
				348DFFE224A74A7500D0231E /* HomeScreenViewController.swift in Sources */,
				3442056324A8CF3800CC7E0E /* CCUIExtensions.swift in Sources */,
			);
			runOnlyForDeploymentPostprocessing = 0;
		};
/* End PBXSourcesBuildPhase section */

/* Begin PBXVariantGroup section */
		348DFFD824A7487E00D0231E /* LaunchScreen.storyboard */ = {
			isa = PBXVariantGroup;
			children = (
				348DFFD924A7487E00D0231E /* Base */,
			);
			name = LaunchScreen.storyboard;
			sourceTree = "<group>";
		};
/* End PBXVariantGroup section */

/* Begin XCBuildConfiguration section */
		348DFFDC24A7487E00D0231E /* Debug */ = {
			isa = XCBuildConfiguration;
			buildSettings = {
				ALWAYS_SEARCH_USER_PATHS = NO;
				CLANG_ANALYZER_NONNULL = YES;
				CLANG_ANALYZER_NUMBER_OBJECT_CONVERSION = YES_AGGRESSIVE;
				CLANG_CXX_LANGUAGE_STANDARD = "gnu++14";
				CLANG_CXX_LIBRARY = "libc++";
				CLANG_ENABLE_MODULES = YES;
				CLANG_ENABLE_OBJC_ARC = YES;
				CLANG_ENABLE_OBJC_WEAK = YES;
				CLANG_WARN_BLOCK_CAPTURE_AUTORELEASING = YES;
				CLANG_WARN_BOOL_CONVERSION = YES;
				CLANG_WARN_COMMA = YES;
				CLANG_WARN_CONSTANT_CONVERSION = YES;
				CLANG_WARN_DEPRECATED_OBJC_IMPLEMENTATIONS = YES;
				CLANG_WARN_DIRECT_OBJC_ISA_USAGE = YES_ERROR;
				CLANG_WARN_DOCUMENTATION_COMMENTS = YES;
				CLANG_WARN_EMPTY_BODY = YES;
				CLANG_WARN_ENUM_CONVERSION = YES;
				CLANG_WARN_INFINITE_RECURSION = YES;
				CLANG_WARN_INT_CONVERSION = YES;
				CLANG_WARN_NON_LITERAL_NULL_CONVERSION = YES;
				CLANG_WARN_OBJC_IMPLICIT_RETAIN_SELF = YES;
				CLANG_WARN_OBJC_LITERAL_CONVERSION = YES;
				CLANG_WARN_OBJC_ROOT_CLASS = YES_ERROR;
				CLANG_WARN_RANGE_LOOP_ANALYSIS = YES;
				CLANG_WARN_STRICT_PROTOTYPES = YES;
				CLANG_WARN_SUSPICIOUS_MOVE = YES;
				CLANG_WARN_UNGUARDED_AVAILABILITY = YES_AGGRESSIVE;
				CLANG_WARN_UNREACHABLE_CODE = YES;
				CLANG_WARN__DUPLICATE_METHOD_MATCH = YES;
				COPY_PHASE_STRIP = NO;
				DEBUG_INFORMATION_FORMAT = dwarf;
				ENABLE_STRICT_OBJC_MSGSEND = YES;
				ENABLE_TESTABILITY = YES;
				GCC_C_LANGUAGE_STANDARD = gnu11;
				GCC_DYNAMIC_NO_PIC = NO;
				GCC_NO_COMMON_BLOCKS = YES;
				GCC_OPTIMIZATION_LEVEL = 0;
				GCC_PREPROCESSOR_DEFINITIONS = (
					"DEBUG=1",
					"$(inherited)",
				);
				GCC_WARN_64_TO_32_BIT_CONVERSION = YES;
				GCC_WARN_ABOUT_RETURN_TYPE = YES_ERROR;
				GCC_WARN_UNDECLARED_SELECTOR = YES;
				GCC_WARN_UNINITIALIZED_AUTOS = YES_AGGRESSIVE;
				GCC_WARN_UNUSED_FUNCTION = YES;
				GCC_WARN_UNUSED_VARIABLE = YES;
				IPHONEOS_DEPLOYMENT_TARGET = 13.5;
				MTL_ENABLE_DEBUG_INFO = INCLUDE_SOURCE;
				MTL_FAST_MATH = YES;
				ONLY_ACTIVE_ARCH = YES;
				SDKROOT = iphoneos;
				SWIFT_ACTIVE_COMPILATION_CONDITIONS = DEBUG;
				SWIFT_OPTIMIZATION_LEVEL = "-Onone";
			};
			name = Debug;
		};
		348DFFDD24A7487E00D0231E /* Release */ = {
			isa = XCBuildConfiguration;
			buildSettings = {
				ALWAYS_SEARCH_USER_PATHS = NO;
				CLANG_ANALYZER_NONNULL = YES;
				CLANG_ANALYZER_NUMBER_OBJECT_CONVERSION = YES_AGGRESSIVE;
				CLANG_CXX_LANGUAGE_STANDARD = "gnu++14";
				CLANG_CXX_LIBRARY = "libc++";
				CLANG_ENABLE_MODULES = YES;
				CLANG_ENABLE_OBJC_ARC = YES;
				CLANG_ENABLE_OBJC_WEAK = YES;
				CLANG_WARN_BLOCK_CAPTURE_AUTORELEASING = YES;
				CLANG_WARN_BOOL_CONVERSION = YES;
				CLANG_WARN_COMMA = YES;
				CLANG_WARN_CONSTANT_CONVERSION = YES;
				CLANG_WARN_DEPRECATED_OBJC_IMPLEMENTATIONS = YES;
				CLANG_WARN_DIRECT_OBJC_ISA_USAGE = YES_ERROR;
				CLANG_WARN_DOCUMENTATION_COMMENTS = YES;
				CLANG_WARN_EMPTY_BODY = YES;
				CLANG_WARN_ENUM_CONVERSION = YES;
				CLANG_WARN_INFINITE_RECURSION = YES;
				CLANG_WARN_INT_CONVERSION = YES;
				CLANG_WARN_NON_LITERAL_NULL_CONVERSION = YES;
				CLANG_WARN_OBJC_IMPLICIT_RETAIN_SELF = YES;
				CLANG_WARN_OBJC_LITERAL_CONVERSION = YES;
				CLANG_WARN_OBJC_ROOT_CLASS = YES_ERROR;
				CLANG_WARN_RANGE_LOOP_ANALYSIS = YES;
				CLANG_WARN_STRICT_PROTOTYPES = YES;
				CLANG_WARN_SUSPICIOUS_MOVE = YES;
				CLANG_WARN_UNGUARDED_AVAILABILITY = YES_AGGRESSIVE;
				CLANG_WARN_UNREACHABLE_CODE = YES;
				CLANG_WARN__DUPLICATE_METHOD_MATCH = YES;
				COPY_PHASE_STRIP = NO;
				DEBUG_INFORMATION_FORMAT = "dwarf-with-dsym";
				ENABLE_NS_ASSERTIONS = NO;
				ENABLE_STRICT_OBJC_MSGSEND = YES;
				GCC_C_LANGUAGE_STANDARD = gnu11;
				GCC_NO_COMMON_BLOCKS = YES;
				GCC_WARN_64_TO_32_BIT_CONVERSION = YES;
				GCC_WARN_ABOUT_RETURN_TYPE = YES_ERROR;
				GCC_WARN_UNDECLARED_SELECTOR = YES;
				GCC_WARN_UNINITIALIZED_AUTOS = YES_AGGRESSIVE;
				GCC_WARN_UNUSED_FUNCTION = YES;
				GCC_WARN_UNUSED_VARIABLE = YES;
				IPHONEOS_DEPLOYMENT_TARGET = 13.5;
				MTL_ENABLE_DEBUG_INFO = NO;
				MTL_FAST_MATH = YES;
				SDKROOT = iphoneos;
				SWIFT_COMPILATION_MODE = wholemodule;
				SWIFT_OPTIMIZATION_LEVEL = "-O";
				VALIDATE_PRODUCT = YES;
			};
			name = Release;
		};
		348DFFDF24A7487E00D0231E /* Debug */ = {
			isa = XCBuildConfiguration;
			buildSettings = {
				ASSETCATALOG_COMPILER_APPICON_NAME = AppIcon;
				CODE_SIGN_IDENTITY = "Apple Development";
				CODE_SIGN_STYLE = Automatic;
				DEVELOPMENT_TEAM = "";
				INFOPLIST_FILE = CodeChallenge/Info.plist;
				LD_RUNPATH_SEARCH_PATHS = (
					"$(inherited)",
					"@executable_path/Frameworks",
				);
				PRODUCT_BUNDLE_IDENTIFIER = com.Mobile.CodeChallenge;
				PRODUCT_NAME = "$(TARGET_NAME)";
				PROVISIONING_PROFILE_SPECIFIER = "";
				SWIFT_VERSION = 5.0;
				TARGETED_DEVICE_FAMILY = "1,2";
			};
			name = Debug;
		};
		348DFFE024A7487E00D0231E /* Release */ = {
			isa = XCBuildConfiguration;
			buildSettings = {
				ASSETCATALOG_COMPILER_APPICON_NAME = AppIcon;
				CODE_SIGN_IDENTITY = "Apple Development";
				CODE_SIGN_STYLE = Automatic;
				DEVELOPMENT_TEAM = "";
				INFOPLIST_FILE = CodeChallenge/Info.plist;
				LD_RUNPATH_SEARCH_PATHS = (
					"$(inherited)",
					"@executable_path/Frameworks",
				);
				PRODUCT_BUNDLE_IDENTIFIER = com.Mobile.CodeChallenge;
				PRODUCT_NAME = "$(TARGET_NAME)";
				PROVISIONING_PROFILE_SPECIFIER = "";
				SWIFT_VERSION = 5.0;
				TARGETED_DEVICE_FAMILY = "1,2";
			};
			name = Release;
		};
/* End XCBuildConfiguration section */

/* Begin XCConfigurationList section */
		348DFFC224A7487900D0231E /* Build configuration list for PBXProject "CodeChallenge" */ = {
			isa = XCConfigurationList;
			buildConfigurations = (
				348DFFDC24A7487E00D0231E /* Debug */,
				348DFFDD24A7487E00D0231E /* Release */,
			);
			defaultConfigurationIsVisible = 0;
			defaultConfigurationName = Release;
		};
		348DFFDE24A7487E00D0231E /* Build configuration list for PBXNativeTarget "CodeChallenge" */ = {
			isa = XCConfigurationList;
			buildConfigurations = (
				348DFFDF24A7487E00D0231E /* Debug */,
				348DFFE024A7487E00D0231E /* Release */,
			);
			defaultConfigurationIsVisible = 0;
			defaultConfigurationName = Release;
		};
/* End XCConfigurationList section */

/* Begin XCVersionGroup section */
		348DFFD324A7487900D0231E /* CodeChallenge.xcdatamodeld */ = {
			isa = XCVersionGroup;
			children = (
				348DFFD424A7487900D0231E /* CodeChallenge.xcdatamodel */,
			);
			currentVersion = 348DFFD424A7487900D0231E /* CodeChallenge.xcdatamodel */;
			path = CodeChallenge.xcdatamodeld;
			sourceTree = "<group>";
			versionGroupType = wrapper.xcdatamodel;
		};
/* End XCVersionGroup section */
	};
	rootObject = 348DFFBF24A7487900D0231E /* Project object */;
}
